
Microsoft Visual Studio Solution File, Format Version 12.00
# Visual Studio Version 17
VisualStudioVersion = 17.7.34031.279
MinimumVisualStudioVersion = 10.0.40219.1
Project("{FAE04EC0-301F-11D3-BF4B-00C04F79EFBC}") = "ASP.NET-Core-Website-QuanLyTiecCuoiLanHue", "ASP.NET-Core-Website-QuanLyTiecCuoiLanHue.csproj", "{7848B13A-91B8-480E-9D52-F4B29813D2F7}"
EndProject
Global
	GlobalSection(SolutionConfigurationPlatforms) = preSolution
		Debug|Any CPU = Debug|Any CPU
		Release|Any CPU = Release|Any CPU
	EndGlobalSection
	GlobalSection(ProjectConfigurationPlatforms) = postSolution
		{7848B13A-91B8-480E-9D52-F4B29813D2F7}.Debug|Any CPU.ActiveCfg = Debug|Any CPU
		{7848B13A-91B8-480E-9D52-F4B29813D2F7}.Debug|Any CPU.Build.0 = Debug|Any CPU
		{7848B13A-91B8-480E-9D52-F4B29813D2F7}.Release|Any CPU.ActiveCfg = Release|Any CPU
		{7848B13A-91B8-480E-9D52-F4B29813D2F7}.Release|Any CPU.Build.0 = Release|Any CPU
	EndGlobalSection
	GlobalSection(SolutionProperties) = preSolution
		HideSolutionNode = FALSE
	EndGlobalSection
	GlobalSection(ExtensibilityGlobals) = postSolution
		SolutionGuid = {77D00967-2EC8-4731-A297-61EFD6FD454F}
	EndGlobalSection
EndGlobal
